
Microsoft Visual Studio Solution File, Format Version 12.00
# Visual Studio 14
VisualStudioVersion = 14.0.25420.1
MinimumVisualStudioVersion = 10.0.40219.1
Project("{FAE04EC0-301F-11D3-BF4B-00C04F79EFBC}") = "ExtendedLinqTest", "ExtendedLinqTest\ExtendedLinqTest.csproj", "{6931AA7A-EBB5-4D7B-B01B-F2B11D911FAF}"
EndProject
Project("{FAE04EC0-301F-11D3-BF4B-00C04F79EFBC}") = "ExtendedLinq", "ExtendedLinq\ExtendedLinq.csproj", "{48B54D78-2212-43A1-B60C-8C373B721963}"
EndProject
Global
	GlobalSection(SolutionConfigurationPlatforms) = preSolution
		Debug|Any CPU = Debug|Any CPU
		Release|Any CPU = Release|Any CPU
	EndGlobalSection
	GlobalSection(ProjectConfigurationPlatforms) = postSolution
		{6931AA7A-EBB5-4D7B-B01B-F2B11D911FAF}.Debug|Any CPU.ActiveCfg = Debug|Any CPU
		{6931AA7A-EBB5-4D7B-B01B-F2B11D911FAF}.Debug|Any CPU.Build.0 = Debug|Any CPU
		{6931AA7A-EBB5-4D7B-B01B-F2B11D911FAF}.Release|Any CPU.ActiveCfg = Release|Any CPU
		{6931AA7A-EBB5-4D7B-B01B-F2B11D911FAF}.Release|Any CPU.Build.0 = Release|Any CPU
		{48B54D78-2212-43A1-B60C-8C373B721963}.Debug|Any CPU.ActiveCfg = Debug|Any CPU
		{48B54D78-2212-43A1-B60C-8C373B721963}.Debug|Any CPU.Build.0 = Debug|Any CPU
		{48B54D78-2212-43A1-B60C-8C373B721963}.Release|Any CPU.ActiveCfg = Release|Any CPU
		{48B54D78-2212-43A1-B60C-8C373B721963}.Release|Any CPU.Build.0 = Release|Any CPU
	EndGlobalSection
	GlobalSection(SolutionProperties) = preSolution
		HideSolutionNode = FALSE
	EndGlobalSection
EndGlobal
